
Microsoft Visual Studio Solution File, Format Version 12.00
# Visual Studio Version 17
VisualStudioVersion = 17.4.33213.308
MinimumVisualStudioVersion = 10.0.40219.1
Project("{FAE04EC0-301F-11D3-BF4B-00C04F79EFBC}") = "NeuralNet", "NeuralNet.csproj", "{65FE0264-F999-4083-83A4-B699CFB5EDEF}"
EndProject
Global
	GlobalSection(SolutionConfigurationPlatforms) = preSolution
		Debug|Any CPU = Debug|Any CPU
		Release|Any CPU = Release|Any CPU
	EndGlobalSection
	GlobalSection(ProjectConfigurationPlatforms) = postSolution
		{65FE0264-F999-4083-83A4-B699CFB5EDEF}.Debug|Any CPU.ActiveCfg = Debug|Any CPU
		{65FE0264-F999-4083-83A4-B699CFB5EDEF}.Debug|Any CPU.Build.0 = Debug|Any CPU
		{65FE0264-F999-4083-83A4-B699CFB5EDEF}.Release|Any CPU.ActiveCfg = Release|Any CPU
		{65FE0264-F999-4083-83A4-B699CFB5EDEF}.Release|Any CPU.Build.0 = Release|Any CPU
	EndGlobalSection
	GlobalSection(SolutionProperties) = preSolution
		HideSolutionNode = FALSE
	EndGlobalSection
	GlobalSection(ExtensibilityGlobals) = postSolution
		SolutionGuid = {EF27DA40-AD4E-4672-80C1-511A13FA970E}
	EndGlobalSection
EndGlobal
